
Microsoft Visual Studio Solution File, Format Version 12.00
# Visual Studio Version 17
VisualStudioVersion = 17.10.35027.167
MinimumVisualStudioVersion = 10.0.40219.1
Project("{FAE04EC0-301F-11D3-BF4B-00C04F79EFBC}") = "SpoerStats2", "SpoerStats2.csproj", "{FA55D54D-12AE-4643-83D2-E1A33371BA28}"
EndProject
Global
	GlobalSection(SolutionConfigurationPlatforms) = preSolution
		Debug|Any CPU = Debug|Any CPU
		Release|Any CPU = Release|Any CPU
	EndGlobalSection
	GlobalSection(ProjectConfigurationPlatforms) = postSolution
		{FA55D54D-12AE-4643-83D2-E1A33371BA28}.Debug|Any CPU.ActiveCfg = Debug|Any CPU
		{FA55D54D-12AE-4643-83D2-E1A33371BA28}.Debug|Any CPU.Build.0 = Debug|Any CPU
		{FA55D54D-12AE-4643-83D2-E1A33371BA28}.Release|Any CPU.ActiveCfg = Release|Any CPU
		{FA55D54D-12AE-4643-83D2-E1A33371BA28}.Release|Any CPU.Build.0 = Release|Any CPU
	EndGlobalSection
	GlobalSection(SolutionProperties) = preSolution
		HideSolutionNode = FALSE
	EndGlobalSection
	GlobalSection(ExtensibilityGlobals) = postSolution
		SolutionGuid = {40ADBB11-F3FF-4FE9-B490-F582314A8018}
	EndGlobalSection
EndGlobal
